
Microsoft Visual Studio Solution File, Format Version 12.00
# Visual Studio Version 16
VisualStudioVersion = 16.0.29009.5
MinimumVisualStudioVersion = 10.0.40219.1
Project("{9A19103F-16F7-4668-BE54-9A1E7A4F7556}") = "webrtc-dotnetcore", "webrtc-dotnetcore\webrtc-dotnetcore.csproj", "{C2A7AD6A-E0CE-4991-B065-D262638FD253}"
EndProject
Global
	GlobalSection(SolutionConfigurationPlatforms) = preSolution
		Debug|Any CPU = Debug|Any CPU
		Release|Any CPU = Release|Any CPU
	EndGlobalSection
	GlobalSection(ProjectConfigurationPlatforms) = postSolution
		{C2A7AD6A-E0CE-4991-B065-D262638FD253}.Debug|Any CPU.ActiveCfg = Debug|Any CPU
		{C2A7AD6A-E0CE-4991-B065-D262638FD253}.Debug|Any CPU.Build.0 = Debug|Any CPU
		{C2A7AD6A-E0CE-4991-B065-D262638FD253}.Release|Any CPU.ActiveCfg = Release|Any CPU
		{C2A7AD6A-E0CE-4991-B065-D262638FD253}.Release|Any CPU.Build.0 = Release|Any CPU
	EndGlobalSection
	GlobalSection(SolutionProperties) = preSolution
		HideSolutionNode = FALSE
	EndGlobalSection
	GlobalSection(ExtensibilityGlobals) = postSolution
		SolutionGuid = {0BE7822D-45D8-4EBE-B9C1-4B1A10DEF5F5}
	EndGlobalSection
EndGlobal
